
Microsoft Visual Studio Solution File, Format Version 12.00
# Visual Studio Version 16
VisualStudioVersion = 16.0.29519.87
MinimumVisualStudioVersion = 10.0.40219.1
Project("{FAE04EC0-301F-11D3-BF4B-00C04F79EFBC}") = "GameStore", "GameStore\GameStore.csproj", "{ADAF6BC3-77C0-470E-9AD7-9431E5ACDBDD}"
EndProject
Global
	GlobalSection(SolutionConfigurationPlatforms) = preSolution
		Debug|Any CPU = Debug|Any CPU
		Release|Any CPU = Release|Any CPU
	EndGlobalSection
	GlobalSection(ProjectConfigurationPlatforms) = postSolution
		{ADAF6BC3-77C0-470E-9AD7-9431E5ACDBDD}.Debug|Any CPU.ActiveCfg = Debug|Any CPU
		{ADAF6BC3-77C0-470E-9AD7-9431E5ACDBDD}.Debug|Any CPU.Build.0 = Debug|Any CPU
		{ADAF6BC3-77C0-470E-9AD7-9431E5ACDBDD}.Release|Any CPU.ActiveCfg = Release|Any CPU
		{ADAF6BC3-77C0-470E-9AD7-9431E5ACDBDD}.Release|Any CPU.Build.0 = Release|Any CPU
	EndGlobalSection
	GlobalSection(SolutionProperties) = preSolution
		HideSolutionNode = FALSE
	EndGlobalSection
	GlobalSection(ExtensibilityGlobals) = postSolution
		SolutionGuid = {C546EA46-B58F-41C2-9DEF-1877008B45BC}
	EndGlobalSection
EndGlobal
